
Microsoft Visual Studio Solution File, Format Version 12.00
# Visual Studio Version 16
VisualStudioVersion = 16.0.34407.143
MinimumVisualStudioVersion = 10.0.40219.1
Project("{FAE04EC0-301F-11D3-BF4B-00C04F79EFBC}") = "WebForms_Course", "WebForms_Course\WebForms_Course.csproj", "{7C82403C-C335-4582-9151-0E385FE57D8A}"
EndProject
Project("{FAE04EC0-301F-11D3-BF4B-00C04F79EFBC}") = "WebForms_Componentes", "WebForms_Componentes\WebForms_Componentes.csproj", "{5AB35D4F-8FF8-477C-97ED-8BCA25462CA1}"
EndProject
Project("{FAE04EC0-301F-11D3-BF4B-00C04F79EFBC}") = "UploadArquivos", "UploadArquivos\UploadArquivos.csproj", "{B74D417A-1A88-4C1C-9D1D-ECBB2B28BF74}"
EndProject
Project("{FAE04EC0-301F-11D3-BF4B-00C04F79EFBC}") = "DataList", "DataList\DataList.csproj", "{BC264318-D1B5-4D12-AF54-1594198A4014}"
EndProject
Project("{FAE04EC0-301F-11D3-BF4B-00C04F79EFBC}") = "GridView", "GridView\GridView.csproj", "{AB9E49C2-7290-4017-8D0E-FF90D32F6B8C}"
EndProject
Project("{FAE04EC0-301F-11D3-BF4B-00C04F79EFBC}") = "Sistema_Agenda", "Sistema_Agenda\Sistema_Agenda.csproj", "{CFE8DBAD-6A4A-4CF3-B62B-7FB91E00A3CC}"
EndProject
Project("{FAE04EC0-301F-11D3-BF4B-00C04F79EFBC}") = "ModuloII", "ModuloII\ModuloII.csproj", "{ABCD8593-1207-46B3-8851-75E15FD77F1A}"
EndProject
Global
	GlobalSection(SolutionConfigurationPlatforms) = preSolution
		Debug|Any CPU = Debug|Any CPU
		Release|Any CPU = Release|Any CPU
	EndGlobalSection
	GlobalSection(ProjectConfigurationPlatforms) = postSolution
		{7C82403C-C335-4582-9151-0E385FE57D8A}.Debug|Any CPU.ActiveCfg = Debug|Any CPU
		{7C82403C-C335-4582-9151-0E385FE57D8A}.Debug|Any CPU.Build.0 = Debug|Any CPU
		{7C82403C-C335-4582-9151-0E385FE57D8A}.Release|Any CPU.ActiveCfg = Release|Any CPU
		{7C82403C-C335-4582-9151-0E385FE57D8A}.Release|Any CPU.Build.0 = Release|Any CPU
		{5AB35D4F-8FF8-477C-97ED-8BCA25462CA1}.Debug|Any CPU.ActiveCfg = Debug|Any CPU
		{5AB35D4F-8FF8-477C-97ED-8BCA25462CA1}.Debug|Any CPU.Build.0 = Debug|Any CPU
		{5AB35D4F-8FF8-477C-97ED-8BCA25462CA1}.Release|Any CPU.ActiveCfg = Release|Any CPU
		{5AB35D4F-8FF8-477C-97ED-8BCA25462CA1}.Release|Any CPU.Build.0 = Release|Any CPU
		{B74D417A-1A88-4C1C-9D1D-ECBB2B28BF74}.Debug|Any CPU.ActiveCfg = Debug|Any CPU
		{B74D417A-1A88-4C1C-9D1D-ECBB2B28BF74}.Debug|Any CPU.Build.0 = Debug|Any CPU
		{B74D417A-1A88-4C1C-9D1D-ECBB2B28BF74}.Release|Any CPU.ActiveCfg = Release|Any CPU
		{B74D417A-1A88-4C1C-9D1D-ECBB2B28BF74}.Release|Any CPU.Build.0 = Release|Any CPU
		{BC264318-D1B5-4D12-AF54-1594198A4014}.Debug|Any CPU.ActiveCfg = Debug|Any CPU
		{BC264318-D1B5-4D12-AF54-1594198A4014}.Debug|Any CPU.Build.0 = Debug|Any CPU
		{BC264318-D1B5-4D12-AF54-1594198A4014}.Release|Any CPU.ActiveCfg = Release|Any CPU
		{BC264318-D1B5-4D12-AF54-1594198A4014}.Release|Any CPU.Build.0 = Release|Any CPU
		{AB9E49C2-7290-4017-8D0E-FF90D32F6B8C}.Debug|Any CPU.ActiveCfg = Debug|Any CPU
		{AB9E49C2-7290-4017-8D0E-FF90D32F6B8C}.Debug|Any CPU.Build.0 = Debug|Any CPU
		{AB9E49C2-7290-4017-8D0E-FF90D32F6B8C}.Release|Any CPU.ActiveCfg = Release|Any CPU
		{AB9E49C2-7290-4017-8D0E-FF90D32F6B8C}.Release|Any CPU.Build.0 = Release|Any CPU
		{CFE8DBAD-6A4A-4CF3-B62B-7FB91E00A3CC}.Debug|Any CPU.ActiveCfg = Debug|Any CPU
		{CFE8DBAD-6A4A-4CF3-B62B-7FB91E00A3CC}.Debug|Any CPU.Build.0 = Debug|Any CPU
		{CFE8DBAD-6A4A-4CF3-B62B-7FB91E00A3CC}.Release|Any CPU.ActiveCfg = Release|Any CPU
		{CFE8DBAD-6A4A-4CF3-B62B-7FB91E00A3CC}.Release|Any CPU.Build.0 = Release|Any CPU
		{ABCD8593-1207-46B3-8851-75E15FD77F1A}.Debug|Any CPU.ActiveCfg = Debug|Any CPU
		{ABCD8593-1207-46B3-8851-75E15FD77F1A}.Debug|Any CPU.Build.0 = Debug|Any CPU
		{ABCD8593-1207-46B3-8851-75E15FD77F1A}.Release|Any CPU.ActiveCfg = Release|Any CPU
		{ABCD8593-1207-46B3-8851-75E15FD77F1A}.Release|Any CPU.Build.0 = Release|Any CPU
	EndGlobalSection
	GlobalSection(SolutionProperties) = preSolution
		HideSolutionNode = FALSE
	EndGlobalSection
	GlobalSection(ExtensibilityGlobals) = postSolution
		SolutionGuid = {45A07FB7-8EA1-45C7-A65F-52EF07354A3A}
	EndGlobalSection
EndGlobal
